# THIS IS AN AUTOGENERATED FILE. DO NOT EDIT THIS FILE DIRECTLY.
# yarn lockfile v1


balanced-match@^0.4.1:
  version "0.4.2"
  resolved "https://registry.yarnpkg.com/balanced-match/-/balanced-match-0.4.2.tgz#cb3f3e3c732dc0f01ee70b403f302e61d7709838"

brace-expansion@^1.1.7:
  version "1.1.7"
  resolved "https://registry.yarnpkg.com/brace-expansion/-/brace-expansion-1.1.7.tgz#3effc3c50e000531fb720eaff80f0ae8ef23cf59"
  dependencies:
    balanced-match "^0.4.1"
    concat-map "0.0.1"

concat-map@0.0.1:
  version "0.0.1"
  resolved "https://registry.yarnpkg.com/concat-map/-/concat-map-0.0.1.tgz#d8a96bd77fd68df7793a73036a3ba0d5405d477b"

country-data@^0.0.31:
  version "0.0.31"
  resolved "https://registry.yarnpkg.com/country-data/-/country-data-0.0.31.tgz#80966b8e1d147fa6d6a589d32933f8793774956d"
  dependencies:
    currency-symbol-map "~2"
    underscore ">1.4.4"

countryjs@^1.7.0:
  version "1.7.0"
  resolved "https://registry.yarnpkg.com/countryjs/-/countryjs-1.7.0.tgz#648426199628b911da514f7c7d0ee3f2e2b7d04b"
  dependencies:
    lodash "^4.17.2"
    minimatch "^3.0.3"
    require-all "^2.2.0"

currency-symbol-map@~2:
  version "2.2.0"
  resolved "https://registry.yarnpkg.com/currency-symbol-map/-/currency-symbol-map-2.2.0.tgz#2b3c1872ff1ac2ce595d8273e58e1fff0272aea2"

lodash@^4.17.2:
  version "4.17.4"
  resolved "https://registry.yarnpkg.com/lodash/-/lodash-4.17.4.tgz#78203a4d1c328ae1d86dca6460e369b57f4055ae"

minimatch@^3.0.3:
  version "3.0.4"
  resolved "https://registry.yarnpkg.com/minimatch/-/minimatch-3.0.4.tgz#5166e286457f03306064be5497e8dbb0c3d32083"
  dependencies:
    brace-expansion "^1.1.7"

require-all@^2.2.0:
  version "2.2.0"
  resolved "https://registry.yarnpkg.com/require-all/-/require-all-2.2.0.tgz#b4420c233ac0282d0ff49b277fb880a8b5de0894"

underscore@>1.4.4:
  version "1.8.3"
  resolved "https://registry.yarnpkg.com/underscore/-/underscore-1.8.3.tgz#4f3fb53b106e6097fcf9cb4109f2a5e9bdfa5022"
